Microsoft Visual Studio Solution File, Format Version 12.00
Project("{FAE04EC0-301F-11D3-BF4B-00C04F79EFBC}") = "Jellyfin.Plugin.Intros", "Jellyfin.Plugin.Intros\Jellyfin.Plugin.Intros.csproj", "{DCD0C8B9-A493-4A66-B8EE-8748D430B660}"
EndProject
Global
	GlobalSection(SolutionConfigurationPlatforms) = preSolution
		Debug|Any CPU = Debug|Any CPU
		Release|Any CPU = Release|Any CPU
	EndGlobalSection
	GlobalSection(ProjectConfigurationPlatforms) = postSolution
		{DCD0C8B9-A493-4A66-B8EE-8748D430B660}.Debug|Any CPU.ActiveCfg = Debug|Any CPU
		{DCD0C8B9-A493-4A66-B8EE-8748D430B660}.Debug|Any CPU.Build.0 = Debug|Any CPU
		{DCD0C8B9-A493-4A66-B8EE-8748D430B660}.Release|Any CPU.ActiveCfg = Release|Any CPU
		{DCD0C8B9-A493-4A66-B8EE-8748D430B660}.Release|Any CPU.Build.0 = Release|Any CPU
		{A0EC3687-1E65-4E2C-913E-246BAB14D8F0}.Debug|Any CPU.ActiveCfg = Debug|Any CPU
		{A0EC3687-1E65-4E2C-913E-246BAB14D8F0}.Debug|Any CPU.Build.0 = Debug|Any CPU
		{A0EC3687-1E65-4E2C-913E-246BAB14D8F0}.Release|Any CPU.ActiveCfg = Release|Any CPU
		{A0EC3687-1E65-4E2C-913E-246BAB14D8F0}.Release|Any CPU.Build.0 = Release|Any CPU
	EndGlobalSection
EndGlobal
